// !$*UTF8*$!
{
	archiveVersion = 1;
	classes = {
	};
	objectVersion = 50;
	objects = {

/* Begin PBXBuildFile section */
		31CC00D17D81C8CDA38D6195 /* Pods_SampleChagApp.framework in Frameworks */ = {isa = PBXBuildFile; fileRef = 8E62769CA13DE8EC73F4583D /* Pods_SampleChagApp.framework */; };
		4078B3F1220061DF00D44356 /* AppDelegate.swift in Sources */ = {isa = PBXBuildFile; fileRef = 4078B3F0220061DF00D44356 /* AppDelegate.swift */; };
		4078B3F3220061DF00D44356 /* ViewController.swift in Sources */ = {isa = PBXBuildFile; fileRef = 4078B3F2220061DF00D44356 /* ViewController.swift */; };
		4078B3F6220061DF00D44356 /* Main.storyboard in Resources */ = {isa = PBXBuildFile; fileRef = 4078B3F4220061DF00D44356 /* Main.storyboard */; };
		4078B3F8220061DF00D44356 /* Assets.xcassets in Resources */ = {isa = PBXBuildFile; fileRef = 4078B3F7220061DF00D44356 /* Assets.xcassets */; };
		4078B3FB220061DF00D44356 /* LaunchScreen.storyboard in Resources */ = {isa = PBXBuildFile; fileRef = 4078B3F9220061DF00D44356 /* LaunchScreen.storyboard */; };
		4078B406220061DF00D44356 /* SampleChagAppTests.swift in Sources */ = {isa = PBXBuildFile; fileRef = 4078B405220061DF00D44356 /* SampleChagAppTests.swift */; };
		4078B411220061DF00D44356 /* SampleChagAppUITests.swift in Sources */ = {isa = PBXBuildFile; fileRef = 4078B410220061DF00D44356 /* SampleChagAppUITests.swift */; };
		4086C72622006758001A0EB1 /* ShowViewController.swift in Sources */ = {isa = PBXBuildFile; fileRef = 4086C72522006758001A0EB1 /* ShowViewController.swift */; };
		4086C7282200676C001A0EB1 /* PostViewController.swift in Sources */ = {isa = PBXBuildFile; fileRef = 4086C7272200676C001A0EB1 /* PostViewController.swift */; };
		4086C72A22007111001A0EB1 /* GoogleService-Info.plist in Resources */ = {isa = PBXBuildFile; fileRef = 4086C72922007111001A0EB1 /* GoogleService-Info.plist */; };
		40CF4933220993E100AEAFB5 /* Post.swift in Sources */ = {isa = PBXBuildFile; fileRef = 40CF4932220993E100AEAFB5 /* Post.swift */; };
		40CF493B220995B200AEAFB5 /* CustomTableViewCell.swift in Sources */ = {isa = PBXBuildFile; fileRef = 40CF4939220995B200AEAFB5 /* CustomTableViewCell.swift */; };
		40CF493C220995B200AEAFB5 /* CustomTableViewCell.xib in Resources */ = {isa = PBXBuildFile; fileRef = 40CF493A220995B200AEAFB5 /* CustomTableViewCell.xib */; };
/* End PBXBuildFile section */

/* Begin PBXContainerItemProxy section */
		4078B402220061DF00D44356 /* PBXContainerItemProxy */ = {
			isa = PBXContainerItemProxy;
			containerPortal = 4078B3E5220061DF00D44356 /* Project object */;
			proxyType = 1;
			remoteGlobalIDString = 4078B3EC220061DF00D44356;
			remoteInfo = SampleChagApp;
		};
		4078B40D220061DF00D44356 /* PBXContainerItemProxy */ = {
			isa = PBXContainerItemProxy;
			containerPortal = 4078B3E5220061DF00D44356 /* Project object */;
			proxyType = 1;
			remoteGlobalIDString = 4078B3EC220061DF00D44356;
			remoteInfo = SampleChagApp;
		};
/* End PBXContainerItemProxy section */

/* Begin PBXFileReference section */
		3EBBEAB17F58D8030E6478A8 /* Pods-SampleChagApp.release.xcconfig */ = {isa = PBXFileReference; includeInIndex = 1; lastKnownFileType = text.xcconfig; name = "Pods-SampleChagApp.release.xcconfig"; path = "Pods/Target Support Files/Pods-SampleChagApp/Pods-SampleChagApp.release.xcconfig"; sourceTree = "<group>"; };
		4078B3ED220061DF00D44356 /* SampleChagApp.app */ = {isa = PBXFileReference; explicitFileType = wrapper.application; includeInIndex = 0; path = SampleChagApp.app; sourceTree = BUILT_PRODUCTS_DIR; };
		4078B3F0220061DF00D44356 /* AppDelegate.swift */ = {isa = PBXFileReference; lastKnownFileType = sourcecode.swift; path = AppDelegate.swift; sourceTree = "<group>"; };
		4078B3F2220061DF00D44356 /* ViewController.swift */ = {isa = PBXFileReference; lastKnownFileType = sourcecode.swift; path = ViewController.swift; sourceTree = "<group>"; };
		4078B3F5220061DF00D44356 /* Base */ = {isa = PBXFileReference; lastKnownFileType = file.storyboard; name = Base; path = Base.lproj/Main.storyboard; sourceTree = "<group>"; };
		4078B3F7220061DF00D44356 /* Assets.xcassets */ = {isa = PBXFileReference; lastKnownFileType = folder.assetcatalog; path = Assets.xcassets; sourceTree = "<group>"; };
		4078B3FA220061DF00D44356 /* Base */ = {isa = PBXFileReference; lastKnownFileType = file.storyboard; name = Base; path = Base.lproj/LaunchScreen.storyboard; sourceTree = "<group>"; };
		4078B3FC220061DF00D44356 /* Info.plist */ = {isa = PBXFileReference; lastKnownFileType = text.plist.xml; path = Info.plist; sourceTree = "<group>"; };
		4078B401220061DF00D44356 /* SampleChagAppTests.xctest */ = {isa = PBXFileReference; explicitFileType = wrapper.cfbundle; includeInIndex = 0; path = SampleChagAppTests.xctest; sourceTree = BUILT_PRODUCTS_DIR; };
		4078B405220061DF00D44356 /* SampleChagAppTests.swift */ = {isa = PBXFileReference; lastKnownFileType = sourcecode.swift; path = SampleChagAppTests.swift; sourceTree = "<group>"; };
		4078B407220061DF00D44356 /* Info.plist */ = {isa = PBXFileReference; lastKnownFileType = text.plist.xml; path = Info.plist; sourceTree = "<group>"; };
		4078B40C220061DF00D44356 /* SampleChagAppUITests.xctest */ = {isa = PBXFileReference; explicitFileType = wrapper.cfbundle; includeInIndex = 0; path = SampleChagAppUITests.xctest; sourceTree = BUILT_PRODUCTS_DIR; };
		4078B410220061DF00D44356 /* SampleChagAppUITests.swift */ = {isa = PBXFileReference; lastKnownFileType = sourcecode.swift; path = SampleChagAppUITests.swift; sourceTree = "<group>"; };
		4078B412220061DF00D44356 /* Info.plist */ = {isa = PBXFileReference; lastKnownFileType = text.plist.xml; path = Info.plist; sourceTree = "<group>"; };
		4086C72522006758001A0EB1 /* ShowViewController.swift */ = {isa = PBXFileReference; lastKnownFileType = sourcecode.swift; path = ShowViewController.swift; sourceTree = "<group>"; };
		4086C7272200676C001A0EB1 /* PostViewController.swift */ = {isa = PBXFileReference; lastKnownFileType = sourcecode.swift; path = PostViewController.swift; sourceTree = "<group>"; };
		4086C72922007111001A0EB1 /* GoogleService-Info.plist */ = {isa = PBXFileReference; fileEncoding = 4; lastKnownFileType = text.plist.xml; path = "GoogleService-Info.plist"; sourceTree = "<group>"; };
		40CF4932220993E100AEAFB5 /* Post.swift */ = {isa = PBXFileReference; lastKnownFileType = sourcecode.swift; path = Post.swift; sourceTree = "<group>"; };
		40CF4939220995B200AEAFB5 /* CustomTableViewCell.swift */ = {isa = PBXFileReference; lastKnownFileType = sourcecode.swift; path = CustomTableViewCell.swift; sourceTree = "<group>"; };
		40CF493A220995B200AEAFB5 /* CustomTableViewCell.xib */ = {isa = PBXFileReference; lastKnownFileType = file.xib; path = CustomTableViewCell.xib; sourceTree = "<group>"; };
		8E62769CA13DE8EC73F4583D /* Pods_SampleChagApp.framework */ = {isa = PBXFileReference; explicitFileType = wrapper.framework; includeInIndex = 0; path = Pods_SampleChagApp.framework; sourceTree = BUILT_PRODUCTS_DIR; };
		FB71E45D486B620E0DE9C3F7 /* Pods-SampleChagApp.debug.xcconfig */ = {isa = PBXFileReference; includeInIndex = 1; lastKnownFileType = text.xcconfig; name = "Pods-SampleChagApp.debug.xcconfig"; path = "Pods/Target Support Files/Pods-SampleChagApp/Pods-SampleChagApp.debug.xcconfig"; sourceTree = "<group>"; };
/* End PBXFileReference section */

/* Begin PBXFrameworksBuildPhase section */
		4078B3EA220061DF00D44356 /* Frameworks */ = {
			isa = PBXFrameworksBuildPhase;
			buildActionMask = 2147483647;
			files = (
				31CC00D17D81C8CDA38D6195 /* Pods_SampleChagApp.framework in Frameworks */,
			);
			runOnlyForDeploymentPostprocessing = 0;
		};
		4078B3FE220061DF00D44356 /* Frameworks */ = {
			isa = PBXFrameworksBuildPhase;
			buildActionMask = 2147483647;
			files = (
			);
			runOnlyForDeploymentPostprocessing = 0;
		};
		4078B409220061DF00D44356 /* Frameworks */ = {
			isa = PBXFrameworksBuildPhase;
			buildActionMask = 2147483647;
			files = (
			);
			runOnlyForDeploymentPostprocessing = 0;
		};
/* End PBXFrameworksBuildPhase section */

/* Begin PBXGroup section */
		4078B3E4220061DF00D44356 = {
			isa = PBXGroup;
			children = (
				4078B3EF220061DF00D44356 /* SampleChagApp */,
				4078B404220061DF00D44356 /* SampleChagAppTests */,
				4078B40F220061DF00D44356 /* SampleChagAppUITests */,
				4078B3EE220061DF00D44356 /* Products */,
				F66AA87DB3C45F406E633975 /* Pods */,
				52EDB881CB7AD19CC0F2FDC8 /* Frameworks */,
			);
			sourceTree = "<group>";
		};
		4078B3EE220061DF00D44356 /* Products */ = {
			isa = PBXGroup;
			children = (
				4078B3ED220061DF00D44356 /* SampleChagApp.app */,
				4078B401220061DF00D44356 /* SampleChagAppTests.xctest */,
				4078B40C220061DF00D44356 /* SampleChagAppUITests.xctest */,
			);
			name = Products;
			sourceTree = "<group>";
		};
		4078B3EF220061DF00D44356 /* SampleChagApp */ = {
			isa = PBXGroup;
			children = (
				40CF4934220994C600AEAFB5 /* CustomCell */,
				40CF4931220993CA00AEAFB5 /* Model */,
				4086C72922007111001A0EB1 /* GoogleService-Info.plist */,
				4086C720220066D0001A0EB1 /* ViewController */,
				4078B3F0220061DF00D44356 /* AppDelegate.swift */,
				4078B3F4220061DF00D44356 /* Main.storyboard */,
				4078B3F7220061DF00D44356 /* Assets.xcassets */,
				4078B3F9220061DF00D44356 /* LaunchScreen.storyboard */,
				4078B3FC220061DF00D44356 /* Info.plist */,
			);
			path = SampleChagApp;
			sourceTree = "<group>";
		};
		4078B404220061DF00D44356 /* SampleChagAppTests */ = {
			isa = PBXGroup;
			children = (
				4078B405220061DF00D44356 /* SampleChagAppTests.swift */,
				4078B407220061DF00D44356 /* Info.plist */,
			);
			path = SampleChagAppTests;
			sourceTree = "<group>";
		};
		4078B40F220061DF00D44356 /* SampleChagAppUITests */ = {
			isa = PBXGroup;
			children = (
				4078B410220061DF00D44356 /* SampleChagAppUITests.swift */,
				4078B412220061DF00D44356 /* Info.plist */,
			);
			path = SampleChagAppUITests;
			sourceTree = "<group>";
		};
		4086C720220066D0001A0EB1 /* ViewController */ = {
			isa = PBXGroup;
			children = (
				4078B3F2220061DF00D44356 /* ViewController.swift */,
				4086C72522006758001A0EB1 /* ShowViewController.swift */,
				4086C7272200676C001A0EB1 /* PostViewController.swift */,
			);
			path = ViewController;
			sourceTree = "<group>";
		};
		40CF4931220993CA00AEAFB5 /* Model */ = {
			isa = PBXGroup;
			children = (
				40CF4932220993E100AEAFB5 /* Post.swift */,
			);
			path = Model;
			sourceTree = "<group>";
		};
		40CF4934220994C600AEAFB5 /* CustomCell */ = {
			isa = PBXGroup;
			children = (
				40CF4939220995B200AEAFB5 /* CustomTableViewCell.swift */,
				40CF493A220995B200AEAFB5 /* CustomTableViewCell.xib */,
			);
			path = CustomCell;
			sourceTree = "<group>";
		};
		52EDB881CB7AD19CC0F2FDC8 /* Frameworks */ = {
			isa = PBXGroup;
			children = (
				8E62769CA13DE8EC73F4583D /* Pods_SampleChagApp.framework */,
			);
			name = Frameworks;
			sourceTree = "<group>";
		};
		F66AA87DB3C45F406E633975 /* Pods */ = {
			isa = PBXGroup;
			children = (
				FB71E45D486B620E0DE9C3F7 /* Pods-SampleChagApp.debug.xcconfig */,
				3EBBEAB17F58D8030E6478A8 /* Pods-SampleChagApp.release.xcconfig */,
			);
			name = Pods;
			sourceTree = "<group>";
		};
/* End PBXGroup section */

/* Begin PBXNativeTarget section */
		4078B3EC220061DF00D44356 /* SampleChagApp */ = {
			isa = PBXNativeTarget;
			buildConfigurationList = 4078B415220061DF00D44356 /* Build configuration list for PBXNativeTarget "SampleChagApp" */;
			buildPhases = (
				AF729C9B2B1B999BEBB6AED9 /* [CP] Check Pods Manifest.lock */,
				4078B3E9220061DF00D44356 /* Sources */,
				4078B3EA220061DF00D44356 /* Frameworks */,
				4078B3EB220061DF00D44356 /* Resources */,
				8255CCBAE15D5931F08EE97F /* [CP] Embed Pods Frameworks */,
			);
			buildRules = (
			);
			dependencies = (
			);
			name = SampleChagApp;
			productName = SampleChagApp;
			productReference = 4078B3ED220061DF00D44356 /* SampleChagApp.app */;
			productType = "com.apple.product-type.application";
		};
		4078B400220061DF00D44356 /* SampleChagAppTests */ = {
			isa = PBXNativeTarget;
			buildConfigurationList = 4078B418220061DF00D44356 /* Build configuration list for PBXNativeTarget "SampleChagAppTests" */;
			buildPhases = (
				4078B3FD220061DF00D44356 /* Sources */,
				4078B3FE220061DF00D44356 /* Frameworks */,
				4078B3FF220061DF00D44356 /* Resources */,
			);
			buildRules = (
			);
			dependencies = (
				4078B403220061DF00D44356 /* PBXTargetDependency */,
			);
			name = SampleChagAppTests;
			productName = SampleChagAppTests;
			productReference = 4078B401220061DF00D44356 /* SampleChagAppTests.xctest */;
			productType = "com.apple.product-type.bundle.unit-test";
		};
		4078B40B220061DF00D44356 /* SampleChagAppUITests */ = {
			isa = PBXNativeTarget;
			buildConfigurationList = 4078B41B220061DF00D44356 /* Build configuration list for PBXNativeTarget "SampleChagAppUITests" */;
			buildPhases = (
				4078B408220061DF00D44356 /* Sources */,
				4078B409220061DF00D44356 /* Frameworks */,
				4078B40A220061DF00D44356 /* Resources */,
			);
			buildRules = (
			);
			dependencies = (
				4078B40E220061DF00D44356 /* PBXTargetDependency */,
			);
			name = SampleChagAppUITests;
			productName = SampleChagAppUITests;
			productReference = 4078B40C220061DF00D44356 /* SampleChagAppUITests.xctest */;
			productType = "com.apple.product-type.bundle.ui-testing";
		};
/* End PBXNativeTarget section */

/* Begin PBXProject section */
		4078B3E5220061DF00D44356 /* Project object */ = {
			isa = PBXProject;
			attributes = {
				LastSwiftUpdateCheck = 1010;
				LastUpgradeCheck = 1010;
				ORGANIZATIONNAME = "原田摩利奈";
				TargetAttributes = {
					4078B3EC220061DF00D44356 = {
						CreatedOnToolsVersion = 10.1;
					};
					4078B400220061DF00D44356 = {
						CreatedOnToolsVersion = 10.1;
						TestTargetID = 4078B3EC220061DF00D44356;
					};
					4078B40B220061DF00D44356 = {
						CreatedOnToolsVersion = 10.1;
						TestTargetID = 4078B3EC220061DF00D44356;
					};
				};
			};
			buildConfigurationList = 4078B3E8220061DF00D44356 /* Build configuration list for PBXProject "SampleChagApp" */;
			compatibilityVersion = "Xcode 9.3";
			developmentRegion = en;
			hasScannedForEncodings = 0;
			knownRegions = (
				en,
				Base,
			);
			mainGroup = 4078B3E4220061DF00D44356;
			productRefGroup = 4078B3EE220061DF00D44356 /* Products */;
			projectDirPath = "";
			projectRoot = "";
			targets = (
				4078B3EC220061DF00D44356 /* SampleChagApp */,
				4078B400220061DF00D44356 /* SampleChagAppTests */,
				4078B40B220061DF00D44356 /* SampleChagAppUITests */,
			);
		};
/* End PBXProject section */

/* Begin PBXResourcesBuildPhase section */
		4078B3EB220061DF00D44356 /* Resources */ = {
			isa = PBXResourcesBuildPhase;
			buildActionMask = 2147483647;
			files = (
				4078B3FB220061DF00D44356 /* LaunchScreen.storyboard in Resources */,
				4086C72A22007111001A0EB1 /* GoogleService-Info.plist in Resources */,
				4078B3F8220061DF00D44356 /* Assets.xcassets in Resources */,
				40CF493C220995B200AEAFB5 /* CustomTableViewCell.xib in Resources */,
				4078B3F6220061DF00D44356 /* Main.storyboard in Resources */,
			);
			runOnlyForDeploymentPostprocessing = 0;
		};
		4078B3FF220061DF00D44356 /* Resources */ = {
			isa = PBXResourcesBuildPhase;
			buildActionMask = 2147483647;
			files = (
			);
			runOnlyForDeploymentPostprocessing = 0;
		};
		4078B40A220061DF00D44356 /* Resources */ = {
			isa = PBXResourcesBuildPhase;
			buildActionMask = 2147483647;
			files = (
			);
			runOnlyForDeploymentPostprocessing = 0;
		};
/* End PBXResourcesBuildPhase section */

/* Begin PBXShellScriptBuildPhase section */
		8255CCBAE15D5931F08EE97F /* [CP] Embed Pods Frameworks */ = {
			isa = PBXShellScriptBuildPhase;
			buildActionMask = 2147483647;
			files = (
			);
			inputFileListPaths = (
			);
			inputPaths = (
				"${SRCROOT}/Pods/Target Support Files/Pods-SampleChagApp/Pods-SampleChagApp-frameworks.sh",
				"${BUILT_PRODUCTS_DIR}/GoogleUtilities/GoogleUtilities.framework",
				"${BUILT_PRODUCTS_DIR}/leveldb-library/leveldb.framework",
				"${BUILT_PRODUCTS_DIR}/nanopb/nanopb.framework",
			);
			name = "[CP] Embed Pods Frameworks";
			outputFileListPaths = (
			);
			outputPaths = (
				"${TARGET_BUILD_DIR}/${FRAMEWORKS_FOLDER_PATH}/GoogleUtilities.framework",
				"${TARGET_BUILD_DIR}/${FRAMEWORKS_FOLDER_PATH}/leveldb.framework",
				"${TARGET_BUILD_DIR}/${FRAMEWORKS_FOLDER_PATH}/nanopb.framework",
			);
			runOnlyForDeploymentPostprocessing = 0;
			shellPath = /bin/sh;
			shellScript = "\"${SRCROOT}/Pods/Target Support Files/Pods-SampleChagApp/Pods-SampleChagApp-frameworks.sh\"\n";
			showEnvVarsInLog = 0;
		};
		AF729C9B2B1B999BEBB6AED9 /* [CP] Check Pods Manifest.lock */ = {
			isa = PBXShellScriptBuildPhase;
			buildActionMask = 2147483647;
			files = (
			);
			inputFileListPaths = (
			);
			inputPaths = (
				"${PODS_PODFILE_DIR_PATH}/Podfile.lock",
				"${PODS_ROOT}/Manifest.lock",
			);
			name = "[CP] Check Pods Manifest.lock";
			outputFileListPaths = (
			);
			outputPaths = (
				"$(DERIVED_FILE_DIR)/Pods-SampleChagApp-checkManifestLockResult.txt",
			);
			runOnlyForDeploymentPostprocessing = 0;
			shellPath = /bin/sh;
			shellScript = "diff \"${PODS_PODFILE_DIR_PATH}/Podfile.lock\" \"${PODS_ROOT}/Manifest.lock\" > /dev/null\nif [ $? != 0 ] ; then\n    # print error to STDERR\n    echo \"error: The sandbox is not in sync with the Podfile.lock. Run 'pod install' or update your CocoaPods installation.\" >&2\n    exit 1\nfi\n# This output is used by Xcode 'outputs' to avoid re-running this script phase.\necho \"SUCCESS\" > \"${SCRIPT_OUTPUT_FILE_0}\"\n";
			showEnvVarsInLog = 0;
		};
/* End PBXShellScriptBuildPhase section */

/* Begin PBXSourcesBuildPhase section */
		4078B3E9220061DF00D44356 /* Sources */ = {
			isa = PBXSourcesBuildPhase;
			buildActionMask = 2147483647;
			files = (
				40CF493B220995B200AEAFB5 /* CustomTableViewCell.swift in Sources */,
				4086C7282200676C001A0EB1 /* PostViewController.swift in Sources */,
				4078B3F3220061DF00D44356 /* ViewController.swift in Sources */,
				4078B3F1220061DF00D44356 /* AppDelegate.swift in Sources */,
				4086C72622006758001A0EB1 /* ShowViewController.swift in Sources */,
				40CF4933220993E100AEAFB5 /* Post.swift in Sources */,
			);
			runOnlyForDeploymentPostprocessing = 0;
		};
		4078B3FD220061DF00D44356 /* Sources */ = {
			isa = PBXSourcesBuildPhase;
			buildActionMask = 2147483647;
			files = (
				4078B406220061DF00D44356 /* SampleChagAppTests.swift in Sources */,
			);
			runOnlyForDeploymentPostprocessing = 0;
		};
		4078B408220061DF00D44356 /* Sources */ = {
			isa = PBXSourcesBuildPhase;
			buildActionMask = 2147483647;
			files = (
				4078B411220061DF00D44356 /* SampleChagAppUITests.swift in Sources */,
			);
			runOnlyForDeploymentPostprocessing = 0;
		};
/* End PBXSourcesBuildPhase section */

/* Begin PBXTargetDependency section */
		4078B403220061DF00D44356 /* PBXTargetDependency */ = {
			isa = PBXTargetDependency;
			target = 4078B3EC220061DF00D44356 /* SampleChagApp */;
			targetProxy = 4078B402220061DF00D44356 /* PBXContainerItemProxy */;
		};
		4078B40E220061DF00D44356 /* PBXTargetDependency */ = {
			isa = PBXTargetDependency;
			target = 4078B3EC220061DF00D44356 /* SampleChagApp */;
			targetProxy = 4078B40D220061DF00D44356 /* PBXContainerItemProxy */;
		};
/* End PBXTargetDependency section */

/* Begin PBXVariantGroup section */
		4078B3F4220061DF00D44356 /* Main.storyboard */ = {
			isa = PBXVariantGroup;
			children = (
				4078B3F5220061DF00D44356 /* Base */,
			);
			name = Main.storyboard;
			sourceTree = "<group>";
		};
		4078B3F9220061DF00D44356 /* LaunchScreen.storyboard */ = {
			isa = PBXVariantGroup;
			children = (
				4078B3FA220061DF00D44356 /* Base */,
			);
			name = LaunchScreen.storyboard;
			sourceTree = "<group>";
		};
/* End PBXVariantGroup section */

/* Begin XCBuildConfiguration section */
		4078B413220061DF00D44356 /* Debug */ = {
			isa = XCBuildConfiguration;
			buildSettings = {
				ALWAYS_SEARCH_USER_PATHS = NO;
				CLANG_ANALYZER_NONNULL = YES;
				CLANG_ANALYZER_NUMBER_OBJECT_CONVERSION = YES_AGGRESSIVE;
				CLANG_CXX_LANGUAGE_STANDARD = "gnu++14";
				CLANG_CXX_LIBRARY = "libc++";
				CLANG_ENABLE_MODULES = YES;
				CLANG_ENABLE_OBJC_ARC = YES;
				CLANG_ENABLE_OBJC_WEAK = YES;
				CLANG_WARN_BLOCK_CAPTURE_AUTORELEASING = YES;
				CLANG_WARN_BOOL_CONVERSION = YES;
				CLANG_WARN_COMMA = YES;
				CLANG_WARN_CONSTANT_CONVERSION = YES;
				CLANG_WARN_DEPRECATED_OBJC_IMPLEMENTATIONS = YES;
				CLANG_WARN_DIRECT_OBJC_ISA_USAGE = YES_ERROR;
				CLANG_WARN_DOCUMENTATION_COMMENTS = YES;
				CLANG_WARN_EMPTY_BODY = YES;
				CLANG_WARN_ENUM_CONVERSION = YES;
				CLANG_WARN_INFINITE_RECURSION = YES;
				CLANG_WARN_INT_CONVERSION = YES;
				CLANG_WARN_NON_LITERAL_NULL_CONVERSION = YES;
				CLANG_WARN_OBJC_IMPLICIT_RETAIN_SELF = YES;
				CLANG_WARN_OBJC_LITERAL_CONVERSION = YES;
				CLANG_WARN_OBJC_ROOT_CLASS = YES_ERROR;
				CLANG_WARN_RANGE_LOOP_ANALYSIS = YES;
				CLANG_WARN_STRICT_PROTOTYPES = YES;
				CLANG_WARN_SUSPICIOUS_MOVE = YES;
				CLANG_WARN_UNGUARDED_AVAILABILITY = YES_AGGRESSIVE;
				CLANG_WARN_UNREACHABLE_CODE = YES;
				CLANG_WARN__DUPLICATE_METHOD_MATCH = YES;
				CODE_SIGN_IDENTITY = "iPhone Developer";
				COPY_PHASE_STRIP = NO;
				DEBUG_INFORMATION_FORMAT = dwarf;
				ENABLE_STRICT_OBJC_MSGSEND = YES;
				ENABLE_TESTABILITY = YES;
				GCC_C_LANGUAGE_STANDARD = gnu11;
				GCC_DYNAMIC_NO_PIC = NO;
				GCC_NO_COMMON_BLOCKS = YES;
				GCC_OPTIMIZATION_LEVEL = 0;
				GCC_PREPROCESSOR_DEFINITIONS = (
					"DEBUG=1",
					"$(inherited)",
				);
				GCC_WARN_64_TO_32_BIT_CONVERSION = YES;
				GCC_WARN_ABOUT_RETURN_TYPE = YES_ERROR;
				GCC_WARN_UNDECLARED_SELECTOR = YES;
				GCC_WARN_UNINITIALIZED_AUTOS = YES_AGGRESSIVE;
				GCC_WARN_UNUSED_FUNCTION = YES;
				GCC_WARN_UNUSED_VARIABLE = YES;
				IPHONEOS_DEPLOYMENT_TARGET = 12.1;
				MTL_ENABLE_DEBUG_INFO = INCLUDE_SOURCE;
				MTL_FAST_MATH = YES;
				ONLY_ACTIVE_ARCH = YES;
				SDKROOT = iphoneos;
				SWIFT_ACTIVE_COMPILATION_CONDITIONS = DEBUG;
				SWIFT_OPTIMIZATION_LEVEL = "-Onone";
			};
			name = Debug;
		};
		4078B414220061DF00D44356 /* Release */ = {
			isa = XCBuildConfiguration;
			buildSettings = {
				ALWAYS_SEARCH_USER_PATHS = NO;
				CLANG_ANALYZER_NONNULL = YES;
				CLANG_ANALYZER_NUMBER_OBJECT_CONVERSION = YES_AGGRESSIVE;
				CLANG_CXX_LANGUAGE_STANDARD = "gnu++14";
				CLANG_CXX_LIBRARY = "libc++";
				CLANG_ENABLE_MODULES = YES;
				CLANG_ENABLE_OBJC_ARC = YES;
				CLANG_ENABLE_OBJC_WEAK = YES;
				CLANG_WARN_BLOCK_CAPTURE_AUTORELEASING = YES;
				CLANG_WARN_BOOL_CONVERSION = YES;
				CLANG_WARN_COMMA = YES;
				CLANG_WARN_CONSTANT_CONVERSION = YES;
				CLANG_WARN_DEPRECATED_OBJC_IMPLEMENTATIONS = YES;
				CLANG_WARN_DIRECT_OBJC_ISA_USAGE = YES_ERROR;
				CLANG_WARN_DOCUMENTATION_COMMENTS = YES;
				CLANG_WARN_EMPTY_BODY = YES;
				CLANG_WARN_ENUM_CONVERSION = YES;
				CLANG_WARN_INFINITE_RECURSION = YES;
				CLANG_WARN_INT_CONVERSION = YES;
				CLANG_WARN_NON_LITERAL_NULL_CONVERSION = YES;
				CLANG_WARN_OBJC_IMPLICIT_RETAIN_SELF = YES;
				CLANG_WARN_OBJC_LITERAL_CONVERSION = YES;
				CLANG_WARN_OBJC_ROOT_CLASS = YES_ERROR;
				CLANG_WARN_RANGE_LOOP_ANALYSIS = YES;
				CLANG_WARN_STRICT_PROTOTYPES = YES;
				CLANG_WARN_SUSPICIOUS_MOVE = YES;
				CLANG_WARN_UNGUARDED_AVAILABILITY = YES_AGGRESSIVE;
				CLANG_WARN_UNREACHABLE_CODE = YES;
				CLANG_WARN__DUPLICATE_METHOD_MATCH = YES;
				CODE_SIGN_IDENTITY = "iPhone Developer";
				COPY_PHASE_STRIP = NO;
				DEBUG_INFORMATION_FORMAT = "dwarf-with-dsym";
				ENABLE_NS_ASSERTIONS = NO;
				ENABLE_STRICT_OBJC_MSGSEND = YES;
				GCC_C_LANGUAGE_STANDARD = gnu11;
				GCC_NO_COMMON_BLOCKS = YES;
				GCC_WARN_64_TO_32_BIT_CONVERSION = YES;
				GCC_WARN_ABOUT_RETURN_TYPE = YES_ERROR;
				GCC_WARN_UNDECLARED_SELECTOR = YES;
				GCC_WARN_UNINITIALIZED_AUTOS = YES_AGGRESSIVE;
				GCC_WARN_UNUSED_FUNCTION = YES;
				GCC_WARN_UNUSED_VARIABLE = YES;
				IPHONEOS_DEPLOYMENT_TARGET = 12.1;
				MTL_ENABLE_DEBUG_INFO = NO;
				MTL_FAST_MATH = YES;
				SDKROOT = iphoneos;
				SWIFT_COMPILATION_MODE = wholemodule;
				SWIFT_OPTIMIZATION_LEVEL = "-O";
				VALIDATE_PRODUCT = YES;
			};
			name = Release;
		};
		4078B416220061DF00D44356 /* Debug */ = {
			isa = XCBuildConfiguration;
			baseConfigurationReference = FB71E45D486B620E0DE9C3F7 /* Pods-SampleChagApp.debug.xcconfig */;
			buildSettings = {
				ASSETCATALOG_COMPILER_APPICON_NAME = AppIcon;
				CODE_SIGN_STYLE = Automatic;
				INFOPLIST_FILE = SampleChagApp/Info.plist;
				LD_RUNPATH_SEARCH_PATHS = (
					"$(inherited)",
					"@executable_path/Frameworks",
				);
				PRODUCT_BUNDLE_IDENTIFIER = marina.SampleChagApp;
				PRODUCT_NAME = "$(TARGET_NAME)";
				SWIFT_VERSION = 4.2;
				TARGETED_DEVICE_FAMILY = "1,2";
			};
			name = Debug;
		};
		4078B417220061DF00D44356 /* Release */ = {
			isa = XCBuildConfiguration;
			baseConfigurationReference = 3EBBEAB17F58D8030E6478A8 /* Pods-SampleChagApp.release.xcconfig */;
			buildSettings = {
				ASSETCATALOG_COMPILER_APPICON_NAME = AppIcon;
				CODE_SIGN_STYLE = Automatic;
				INFOPLIST_FILE = SampleChagApp/Info.plist;
				LD_RUNPATH_SEARCH_PATHS = (
					"$(inherited)",
					"@executable_path/Frameworks",
				);
				PRODUCT_BUNDLE_IDENTIFIER = marina.SampleChagApp;
				PRODUCT_NAME = "$(TARGET_NAME)";
				SWIFT_VERSION = 4.2;
				TARGETED_DEVICE_FAMILY = "1,2";
			};
			name = Release;
		};
		4078B419220061DF00D44356 /* Debug */ = {
			isa = XCBuildConfiguration;
			buildSettings = {
				ALWAYS_EMBED_SWIFT_STANDARD_LIBRARIES = YES;
				BUNDLE_LOADER = "$(TEST_HOST)";
				CODE_SIGN_STYLE = Automatic;
				INFOPLIST_FILE = SampleChagAppTests/Info.plist;
				LD_RUNPATH_SEARCH_PATHS = (
					"$(inherited)",
					"@executable_path/Frameworks",
					"@loader_path/Frameworks",
				);
				PRODUCT_BUNDLE_IDENTIFIER = marina.SampleChagAppTests;
				PRODUCT_NAME = "$(TARGET_NAME)";
				SWIFT_VERSION = 4.2;
				TARGETED_DEVICE_FAMILY = "1,2";
				TEST_HOST = "$(BUILT_PRODUCTS_DIR)/SampleChagApp.app/SampleChagApp";
			};
			name = Debug;
		};
		4078B41A220061DF00D44356 /* Release */ = {
			isa = XCBuildConfiguration;
			buildSettings = {
				ALWAYS_EMBED_SWIFT_STANDARD_LIBRARIES = YES;
				BUNDLE_LOADER = "$(TEST_HOST)";
				CODE_SIGN_STYLE = Automatic;
				INFOPLIST_FILE = SampleChagAppTests/Info.plist;
				LD_RUNPATH_SEARCH_PATHS = (
					"$(inherited)",
					"@executable_path/Frameworks",
					"@loader_path/Frameworks",
				);
				PRODUCT_BUNDLE_IDENTIFIER = marina.SampleChagAppTests;
				PRODUCT_NAME = "$(TARGET_NAME)";
				SWIFT_VERSION = 4.2;
				TARGETED_DEVICE_FAMILY = "1,2";
				TEST_HOST = "$(BUILT_PRODUCTS_DIR)/SampleChagApp.app/SampleChagApp";
			};
			name = Release;
		};
		4078B41C220061DF00D44356 /* Debug */ = {
			isa = XCBuildConfiguration;
			buildSettings = {
				ALWAYS_EMBED_SWIFT_STANDARD_LIBRARIES = YES;
				CODE_SIGN_STYLE = Automatic;
				INFOPLIST_FILE = SampleChagAppUITests/Info.plist;
				LD_RUNPATH_SEARCH_PATHS = (
					"$(inherited)",
					"@executable_path/Frameworks",
					"@loader_path/Frameworks",
				);
				PRODUCT_BUNDLE_IDENTIFIER = marina.SampleChagAppUITests;
				PRODUCT_NAME = "$(TARGET_NAME)";
				SWIFT_VERSION = 4.2;
				TARGETED_DEVICE_FAMILY = "1,2";
				TEST_TARGET_NAME = SampleChagApp;
			};
			name = Debug;
		};
		4078B41D220061DF00D44356 /* Release */ = {
			isa = XCBuildConfiguration;
			buildSettings = {
				ALWAYS_EMBED_SWIFT_STANDARD_LIBRARIES = YES;
				CODE_SIGN_STYLE = Automatic;
				INFOPLIST_FILE = SampleChagAppUITests/Info.plist;
				LD_RUNPATH_SEARCH_PATHS = (
					"$(inherited)",
					"@executable_path/Frameworks",
					"@loader_path/Frameworks",
				);
				PRODUCT_BUNDLE_IDENTIFIER = marina.SampleChagAppUITests;
				PRODUCT_NAME = "$(TARGET_NAME)";
				SWIFT_VERSION = 4.2;
				TARGETED_DEVICE_FAMILY = "1,2";
				TEST_TARGET_NAME = SampleChagApp;
			};
			name = Release;
		};
/* End XCBuildConfiguration section */

/* Begin XCConfigurationList section */
		4078B3E8220061DF00D44356 /* Build configuration list for PBXProject "SampleChagApp" */ = {
			isa = XCConfigurationList;
			buildConfigurations = (
				4078B413220061DF00D44356 /* Debug */,
				4078B414220061DF00D44356 /* Release */,
			);
			defaultConfigurationIsVisible = 0;
			defaultConfigurationName = Release;
		};
		4078B415220061DF00D44356 /* Build configuration list for PBXNativeTarget "SampleChagApp" */ = {
			isa = XCConfigurationList;
			buildConfigurations = (
				4078B416220061DF00D44356 /* Debug */,
				4078B417220061DF00D44356 /* Release */,
			);
			defaultConfigurationIsVisible = 0;
			defaultConfigurationName = Release;
		};
		4078B418220061DF00D44356 /* Build configuration list for PBXNativeTarget "SampleChagAppTests" */ = {
			isa = XCConfigurationList;
			buildConfigurations = (
				4078B419220061DF00D44356 /* Debug */,
				4078B41A220061DF00D44356 /* Release */,
			);
			defaultConfigurationIsVisible = 0;
			defaultConfigurationName = Release;
		};
		4078B41B220061DF00D44356 /* Build configuration list for PBXNativeTarget "SampleChagAppUITests" */ = {
			isa = XCConfigurationList;
			buildConfigurations = (
				4078B41C220061DF00D44356 /* Debug */,
				4078B41D220061DF00D44356 /* Release */,
			);
			defaultConfigurationIsVisible = 0;
			defaultConfigurationName = Release;
		};
/* End XCConfigurationList section */
	};
	rootObject = 4078B3E5220061DF00D44356 /* Project object */;
}
